// !$*UTF8*$!
{
	archiveVersion = 1;
	classes = {
	};
	objectVersion = 56;
	objects = {

/* Begin PBXBuildFile section */
		0E65E9DE2AE29793004236BF /* MainWindowController.swift in Sources */ = {isa = PBXBuildFile; fileRef = 0E65E9DC2AE29793004236BF /* MainWindowController.swift */; };
		0E65E9DF2AE29793004236BF /* MainWindowController.xib in Resources */ = {isa = PBXBuildFile; fileRef = 0E65E9DD2AE29793004236BF /* MainWindowController.xib */; };
		0ECA593F2ABE291A00A1C87B /* AppDelegate.swift in Sources */ = {isa = PBXBuildFile; fileRef = 0ECA593E2ABE291A00A1C87B /* AppDelegate.swift */; };
		0ECA59412ABE291B00A1C87B /* Assets.xcassets in Resources */ = {isa = PBXBuildFile; fileRef = 0ECA59402ABE291B00A1C87B /* Assets.xcassets */; };
		0ECA59442ABE291B00A1C87B /* MainMenu.xib in Resources */ = {isa = PBXBuildFile; fileRef = 0ECA59422ABE291B00A1C87B /* MainMenu.xib */; };
		0ECA59702AC0532500A1C87B /* main.cpp in Sources */ = {isa = PBXBuildFile; fileRef = 0ECA596F2AC0532500A1C87B /* main.cpp */; };
		0ECA59762AC053B700A1C87B /* libdcmimgle.a in Frameworks */ = {isa = PBXBuildFile; fileRef = 0ECA59752AC053B700A1C87B /* libdcmimgle.a */; };
		0ECA59782AC053CB00A1C87B /* libdcmdata.a in Frameworks */ = {isa = PBXBuildFile; fileRef = 0ECA59772AC053CB00A1C87B /* libdcmdata.a */; };
		0ECA597C2AC053E400A1C87B /* liboficonv.a in Frameworks */ = {isa = PBXBuildFile; fileRef = 0ECA59792AC053E400A1C87B /* liboficonv.a */; };
		0ECA597D2AC053E400A1C87B /* liboflog.a in Frameworks */ = {isa = PBXBuildFile; fileRef = 0ECA597A2AC053E400A1C87B /* liboflog.a */; };
		0ECA597E2AC053E400A1C87B /* libofstd.a in Frameworks */ = {isa = PBXBuildFile; fileRef = 0ECA597B2AC053E400A1C87B /* libofstd.a */; };
		0ECA59802AC053EF00A1C87B /* libdcmimage.a in Frameworks */ = {isa = PBXBuildFile; fileRef = 0ECA597F2AC053EF00A1C87B /* libdcmimage.a */; };
		0ECA59822AC0543600A1C87B /* libz.a in Frameworks */ = {isa = PBXBuildFile; fileRef = 0ECA59812AC0543600A1C87B /* libz.a */; };
		0ECA59892AC0737500A1C87B /* libdcmdata.a in Frameworks */ = {isa = PBXBuildFile; fileRef = 0ECA59772AC053CB00A1C87B /* libdcmdata.a */; };
		0ECA598A2AC0737500A1C87B /* libdcmimage.a in Frameworks */ = {isa = PBXBuildFile; fileRef = 0ECA597F2AC053EF00A1C87B /* libdcmimage.a */; };
		0ECA598B2AC0737500A1C87B /* libdcmimgle.a in Frameworks */ = {isa = PBXBuildFile; fileRef = 0ECA59752AC053B700A1C87B /* libdcmimgle.a */; };
		0ECA598C2AC0737500A1C87B /* liboficonv.a in Frameworks */ = {isa = PBXBuildFile; fileRef = 0ECA59792AC053E400A1C87B /* liboficonv.a */; };
		0ECA598D2AC0737500A1C87B /* liboflog.a in Frameworks */ = {isa = PBXBuildFile; fileRef = 0ECA597A2AC053E400A1C87B /* liboflog.a */; };
		0ECA598E2AC0737500A1C87B /* libofstd.a in Frameworks */ = {isa = PBXBuildFile; fileRef = 0ECA597B2AC053E400A1C87B /* libofstd.a */; };
		0ECA598F2AC0738400A1C87B /* libz.a in Frameworks */ = {isa = PBXBuildFile; fileRef = 0ECA59812AC0543600A1C87B /* libz.a */; };
		0ECA59922AC0873100A1C87B /* c_interface.cpp in Sources */ = {isa = PBXBuildFile; fileRef = 0ECA59902AC0873100A1C87B /* c_interface.cpp */; };
		0EF68D0C2AE5287500DADD84 /* DicomImageView.swift in Sources */ = {isa = PBXBuildFile; fileRef = 0EF68D0B2AE5287500DADD84 /* DicomImageView.swift */; };
		0EF68D102AE5791A00DADD84 /* Utility.swift in Sources */ = {isa = PBXBuildFile; fileRef = 0EF68D0F2AE5791A00DADD84 /* Utility.swift */; };
/* End PBXBuildFile section */

/* Begin PBXCopyFilesBuildPhase section */
		0ECA596B2AC0532500A1C87B /* CopyFiles */ = {
			isa = PBXCopyFilesBuildPhase;
			buildActionMask = 2147483647;
			dstPath = /usr/share/man/man1/;
			dstSubfolderSpec = 0;
			files = (
			);
			runOnlyForDeploymentPostprocessing = 1;
		};
/* End PBXCopyFilesBuildPhase section */

/* Begin PBXFileReference section */
		0E65E9DC2AE29793004236BF /* MainWindowController.swift */ = {isa = PBXFileReference; lastKnownFileType = sourcecode.swift; path = MainWindowController.swift; sourceTree = "<group>"; };
		0E65E9DD2AE29793004236BF /* MainWindowController.xib */ = {isa = PBXFileReference; lastKnownFileType = file.xib; path = MainWindowController.xib; sourceTree = "<group>"; };
		0ECA593B2ABE291A00A1C87B /* DCMView.app */ = {isa = PBXFileReference; explicitFileType = wrapper.application; includeInIndex = 0; path = DCMView.app; sourceTree = BUILT_PRODUCTS_DIR; };
		0ECA593E2ABE291A00A1C87B /* AppDelegate.swift */ = {isa = PBXFileReference; lastKnownFileType = sourcecode.swift; path = AppDelegate.swift; sourceTree = "<group>"; };
		0ECA59402ABE291B00A1C87B /* Assets.xcassets */ = {isa = PBXFileReference; lastKnownFileType = folder.assetcatalog; path = Assets.xcassets; sourceTree = "<group>"; };
		0ECA59432ABE291B00A1C87B /* Base */ = {isa = PBXFileReference; lastKnownFileType = file.xib; name = Base; path = Base.lproj/MainMenu.xib; sourceTree = "<group>"; };
		0ECA59452ABE291B00A1C87B /* DCMView.entitlements */ = {isa = PBXFileReference; lastKnownFileType = text.plist.entitlements; path = DCMView.entitlements; sourceTree = "<group>"; };
		0ECA596D2AC0532500A1C87B /* CppTest */ = {isa = PBXFileReference; explicitFileType = "compiled.mach-o.executable"; includeInIndex = 0; path = CppTest; sourceTree = BUILT_PRODUCTS_DIR; };
		0ECA596F2AC0532500A1C87B /* main.cpp */ = {isa = PBXFileReference; lastKnownFileType = sourcecode.cpp.cpp; path = main.cpp; sourceTree = "<group>"; };
		0ECA59752AC053B700A1C87B /* libdcmimgle.a */ = {isa = PBXFileReference; lastKnownFileType = archive.ar; name = libdcmimgle.a; path = dcmtk/lib/libdcmimgle.a; sourceTree = "<group>"; };
		0ECA59772AC053CB00A1C87B /* libdcmdata.a */ = {isa = PBXFileReference; lastKnownFileType = archive.ar; name = libdcmdata.a; path = dcmtk/lib/libdcmdata.a; sourceTree = "<group>"; };
		0ECA59792AC053E400A1C87B /* liboficonv.a */ = {isa = PBXFileReference; lastKnownFileType = archive.ar; name = liboficonv.a; path = dcmtk/lib/liboficonv.a; sourceTree = "<group>"; };
		0ECA597A2AC053E400A1C87B /* liboflog.a */ = {isa = PBXFileReference; lastKnownFileType = archive.ar; name = liboflog.a; path = dcmtk/lib/liboflog.a; sourceTree = "<group>"; };
		0ECA597B2AC053E400A1C87B /* libofstd.a */ = {isa = PBXFileReference; lastKnownFileType = archive.ar; name = libofstd.a; path = dcmtk/lib/libofstd.a; sourceTree = "<group>"; };
		0ECA597F2AC053EF00A1C87B /* libdcmimage.a */ = {isa = PBXFileReference; lastKnownFileType = archive.ar; name = libdcmimage.a; path = dcmtk/lib/libdcmimage.a; sourceTree = "<group>"; };
		0ECA59812AC0543600A1C87B /* libz.a */ = {isa = PBXFileReference; lastKnownFileType = archive.ar; name = libz.a; path = ../../../../opt/homebrew/Cellar/zlib/1.2.13/lib/libz.a; sourceTree = "<group>"; };
		0ECA59832AC0546B00A1C87B /* CppTest.entitlements */ = {isa = PBXFileReference; lastKnownFileType = text.plist.entitlements; path = CppTest.entitlements; sourceTree = "<group>"; };
		0ECA59852AC0722400A1C87B /* DCMView-Bridging-Header.h */ = {isa = PBXFileReference; lastKnownFileType = sourcecode.c.h; path = "DCMView-Bridging-Header.h"; sourceTree = "<group>"; };
		0ECA59902AC0873100A1C87B /* c_interface.cpp */ = {isa = PBXFileReference; fileEncoding = 4; lastKnownFileType = sourcecode.cpp.cpp; path = c_interface.cpp; sourceTree = "<group>"; };
		0ECA59912AC0873100A1C87B /* c_interface.h */ = {isa = PBXFileReference; fileEncoding = 4; lastKnownFileType = sourcecode.c.h; path = c_interface.h; sourceTree = "<group>"; };
		0EF68D0B2AE5287500DADD84 /* DicomImageView.swift */ = {isa = PBXFileReference; lastKnownFileType = sourcecode.swift; path = DicomImageView.swift; sourceTree = "<group>"; };
		0EF68D0F2AE5791A00DADD84 /* Utility.swift */ = {isa = PBXFileReference; lastKnownFileType = sourcecode.swift; path = Utility.swift; sourceTree = "<group>"; };
/* End PBXFileReference section */

/* Begin PBXFrameworksBuildPhase section */
		0ECA59382ABE291A00A1C87B /* Frameworks */ = {
			isa = PBXFrameworksBuildPhase;
			buildActionMask = 2147483647;
			files = (
				0ECA598F2AC0738400A1C87B /* libz.a in Frameworks */,
				0ECA59892AC0737500A1C87B /* libdcmdata.a in Frameworks */,
				0ECA598A2AC0737500A1C87B /* libdcmimage.a in Frameworks */,
				0ECA598B2AC0737500A1C87B /* libdcmimgle.a in Frameworks */,
				0ECA598C2AC0737500A1C87B /* liboficonv.a in Frameworks */,
				0ECA598D2AC0737500A1C87B /* liboflog.a in Frameworks */,
				0ECA598E2AC0737500A1C87B /* libofstd.a in Frameworks */,
			);
			runOnlyForDeploymentPostprocessing = 0;
		};
		0ECA596A2AC0532500A1C87B /* Frameworks */ = {
			isa = PBXFrameworksBuildPhase;
			buildActionMask = 2147483647;
			files = (
				0ECA59822AC0543600A1C87B /* libz.a in Frameworks */,
				0ECA59762AC053B700A1C87B /* libdcmimgle.a in Frameworks */,
				0ECA59802AC053EF00A1C87B /* libdcmimage.a in Frameworks */,
				0ECA59782AC053CB00A1C87B /* libdcmdata.a in Frameworks */,
				0ECA597C2AC053E400A1C87B /* liboficonv.a in Frameworks */,
				0ECA597D2AC053E400A1C87B /* liboflog.a in Frameworks */,
				0ECA597E2AC053E400A1C87B /* libofstd.a in Frameworks */,
			);
			runOnlyForDeploymentPostprocessing = 0;
		};
/* End PBXFrameworksBuildPhase section */

/* Begin PBXGroup section */
		0ECA59322ABE291A00A1C87B = {
			isa = PBXGroup;
			children = (
				0ECA59842AC06F4000A1C87B /* CppInterface */,
				0ECA593D2ABE291A00A1C87B /* DCMView */,
				0ECA596E2AC0532500A1C87B /* CppTest */,
				0ECA593C2ABE291A00A1C87B /* Products */,
				0ECA59742AC053B700A1C87B /* Frameworks */,
			);
			sourceTree = "<group>";
		};
		0ECA593C2ABE291A00A1C87B /* Products */ = {
			isa = PBXGroup;
			children = (
				0ECA593B2ABE291A00A1C87B /* DCMView.app */,
				0ECA596D2AC0532500A1C87B /* CppTest */,
			);
			name = Products;
			sourceTree = "<group>";
		};
		0ECA593D2ABE291A00A1C87B /* DCMView */ = {
			isa = PBXGroup;
			children = (
				0ECA593E2ABE291A00A1C87B /* AppDelegate.swift */,
				0ECA59402ABE291B00A1C87B /* Assets.xcassets */,
				0ECA59422ABE291B00A1C87B /* MainMenu.xib */,
				0ECA59452ABE291B00A1C87B /* DCMView.entitlements */,
				0E65E9DC2AE29793004236BF /* MainWindowController.swift */,
				0E65E9DD2AE29793004236BF /* MainWindowController.xib */,
				0EF68D0B2AE5287500DADD84 /* DicomImageView.swift */,
				0EF68D0F2AE5791A00DADD84 /* Utility.swift */,
			);
			path = DCMView;
			sourceTree = "<group>";
		};
		0ECA596E2AC0532500A1C87B /* CppTest */ = {
			isa = PBXGroup;
			children = (
				0ECA59832AC0546B00A1C87B /* CppTest.entitlements */,
				0ECA596F2AC0532500A1C87B /* main.cpp */,
			);
			path = CppTest;
			sourceTree = "<group>";
		};
		0ECA59742AC053B700A1C87B /* Frameworks */ = {
			isa = PBXGroup;
			children = (
				0ECA59812AC0543600A1C87B /* libz.a */,
				0ECA597F2AC053EF00A1C87B /* libdcmimage.a */,
				0ECA59792AC053E400A1C87B /* liboficonv.a */,
				0ECA597A2AC053E400A1C87B /* liboflog.a */,
				0ECA597B2AC053E400A1C87B /* libofstd.a */,
				0ECA59772AC053CB00A1C87B /* libdcmdata.a */,
				0ECA59752AC053B700A1C87B /* libdcmimgle.a */,
			);
			name = Frameworks;
			sourceTree = "<group>";
		};
		0ECA59842AC06F4000A1C87B /* CppInterface */ = {
			isa = PBXGroup;
			children = (
				0ECA59902AC0873100A1C87B /* c_interface.cpp */,
				0ECA59912AC0873100A1C87B /* c_interface.h */,
				0ECA59852AC0722400A1C87B /* DCMView-Bridging-Header.h */,
			);
			path = CppInterface;
			sourceTree = "<group>";
		};
/* End PBXGroup section */

/* Begin PBXNativeTarget section */
		0ECA593A2ABE291A00A1C87B /* DCMView */ = {
			isa = PBXNativeTarget;
			buildConfigurationList = 0ECA59482ABE291B00A1C87B /* Build configuration list for PBXNativeTarget "DCMView" */;
			buildPhases = (
				0ECA59372ABE291A00A1C87B /* Sources */,
				0ECA59382ABE291A00A1C87B /* Frameworks */,
				0ECA59392ABE291A00A1C87B /* Resources */,
			);
			buildRules = (
			);
			dependencies = (
			);
			name = DCMView;
			productName = DCMView;
			productReference = 0ECA593B2ABE291A00A1C87B /* DCMView.app */;
			productType = "com.apple.product-type.application";
		};
		0ECA596C2AC0532500A1C87B /* CppTest */ = {
			isa = PBXNativeTarget;
			buildConfigurationList = 0ECA59732AC0532500A1C87B /* Build configuration list for PBXNativeTarget "CppTest" */;
			buildPhases = (
				0ECA59692AC0532500A1C87B /* Sources */,
				0ECA596A2AC0532500A1C87B /* Frameworks */,
				0ECA596B2AC0532500A1C87B /* CopyFiles */,
			);
			buildRules = (
			);
			dependencies = (
			);
			name = CppTest;
			productName = CppTest;
			productReference = 0ECA596D2AC0532500A1C87B /* CppTest */;
			productType = "com.apple.product-type.tool";
		};
/* End PBXNativeTarget section */

/* Begin PBXProject section */
		0ECA59332ABE291A00A1C87B /* Project object */ = {
			isa = PBXProject;
			attributes = {
				BuildIndependentTargetsInParallel = 1;
				LastSwiftUpdateCheck = 1500;
				LastUpgradeCheck = 1500;
				TargetAttributes = {
					0ECA593A2ABE291A00A1C87B = {
						CreatedOnToolsVersion = 15.0;
						LastSwiftMigration = 1500;
					};
					0ECA596C2AC0532500A1C87B = {
						CreatedOnToolsVersion = 15.0;
					};
				};
			};
			buildConfigurationList = 0ECA59362ABE291A00A1C87B /* Build configuration list for PBXProject "DCMView" */;
			compatibilityVersion = "Xcode 14.0";
			developmentRegion = en;
			hasScannedForEncodings = 0;
			knownRegions = (
				en,
				Base,
			);
			mainGroup = 0ECA59322ABE291A00A1C87B;
			productRefGroup = 0ECA593C2ABE291A00A1C87B /* Products */;
			projectDirPath = "";
			projectRoot = "";
			targets = (
				0ECA593A2ABE291A00A1C87B /* DCMView */,
				0ECA596C2AC0532500A1C87B /* CppTest */,
			);
		};
/* End PBXProject section */

/* Begin PBXResourcesBuildPhase section */
		0ECA59392ABE291A00A1C87B /* Resources */ = {
			isa = PBXResourcesBuildPhase;
			buildActionMask = 2147483647;
			files = (
				0ECA59412ABE291B00A1C87B /* Assets.xcassets in Resources */,
				0E65E9DF2AE29793004236BF /* MainWindowController.xib in Resources */,
				0ECA59442ABE291B00A1C87B /* MainMenu.xib in Resources */,
			);
			runOnlyForDeploymentPostprocessing = 0;
		};
/* End PBXResourcesBuildPhase section */

/* Begin PBXSourcesBuildPhase section */
		0ECA59372ABE291A00A1C87B /* Sources */ = {
			isa = PBXSourcesBuildPhase;
			buildActionMask = 2147483647;
			files = (
				0ECA593F2ABE291A00A1C87B /* AppDelegate.swift in Sources */,
				0EF68D102AE5791A00DADD84 /* Utility.swift in Sources */,
				0EF68D0C2AE5287500DADD84 /* DicomImageView.swift in Sources */,
				0ECA59922AC0873100A1C87B /* c_interface.cpp in Sources */,
				0E65E9DE2AE29793004236BF /* MainWindowController.swift in Sources */,
			);
			runOnlyForDeploymentPostprocessing = 0;
		};
		0ECA59692AC0532500A1C87B /* Sources */ = {
			isa = PBXSourcesBuildPhase;
			buildActionMask = 2147483647;
			files = (
				0ECA59702AC0532500A1C87B /* main.cpp in Sources */,
			);
			runOnlyForDeploymentPostprocessing = 0;
		};
/* End PBXSourcesBuildPhase section */

/* Begin PBXVariantGroup section */
		0ECA59422ABE291B00A1C87B /* MainMenu.xib */ = {
			isa = PBXVariantGroup;
			children = (
				0ECA59432ABE291B00A1C87B /* Base */,
			);
			name = MainMenu.xib;
			sourceTree = "<group>";
		};
/* End PBXVariantGroup section */

/* Begin XCBuildConfiguration section */
		0ECA59462ABE291B00A1C87B /* Debug */ = {
			isa = XCBuildConfiguration;
			buildSettings = {
				ALWAYS_SEARCH_USER_PATHS = NO;
				ASSETCATALOG_COMPILER_GENERATE_SWIFT_ASSET_SYMBOL_EXTENSIONS = YES;
				CLANG_ANALYZER_NONNULL = YES;
				CLANG_ANALYZER_NUMBER_OBJECT_CONVERSION = YES_AGGRESSIVE;
				CLANG_CXX_LANGUAGE_STANDARD = "gnu++20";
				CLANG_ENABLE_MODULES = YES;
				CLANG_ENABLE_OBJC_ARC = YES;
				CLANG_ENABLE_OBJC_WEAK = YES;
				CLANG_WARN_BLOCK_CAPTURE_AUTORELEASING = YES;
				CLANG_WARN_BOOL_CONVERSION = YES;
				CLANG_WARN_COMMA = YES;
				CLANG_WARN_CONSTANT_CONVERSION = YES;
				CLANG_WARN_DEPRECATED_OBJC_IMPLEMENTATIONS = YES;
				CLANG_WARN_DIRECT_OBJC_ISA_USAGE = YES_ERROR;
				CLANG_WARN_DOCUMENTATION_COMMENTS = YES;
				CLANG_WARN_EMPTY_BODY = YES;
				CLANG_WARN_ENUM_CONVERSION = YES;
				CLANG_WARN_INFINITE_RECURSION = YES;
				CLANG_WARN_INT_CONVERSION = YES;
				CLANG_WARN_NON_LITERAL_NULL_CONVERSION = YES;
				CLANG_WARN_OBJC_IMPLICIT_RETAIN_SELF = YES;
				CLANG_WARN_OBJC_LITERAL_CONVERSION = YES;
				CLANG_WARN_OBJC_ROOT_CLASS = YES_ERROR;
				CLANG_WARN_QUOTED_INCLUDE_IN_FRAMEWORK_HEADER = YES;
				CLANG_WARN_RANGE_LOOP_ANALYSIS = YES;
				CLANG_WARN_STRICT_PROTOTYPES = YES;
				CLANG_WARN_SUSPICIOUS_MOVE = YES;
				CLANG_WARN_UNGUARDED_AVAILABILITY = YES_AGGRESSIVE;
				CLANG_WARN_UNREACHABLE_CODE = YES;
				CLANG_WARN__DUPLICATE_METHOD_MATCH = YES;
				COPY_PHASE_STRIP = NO;
				DEBUG_INFORMATION_FORMAT = dwarf;
				ENABLE_STRICT_OBJC_MSGSEND = YES;
				ENABLE_TESTABILITY = YES;
				ENABLE_USER_SCRIPT_SANDBOXING = YES;
				GCC_C_LANGUAGE_STANDARD = gnu17;
				GCC_DYNAMIC_NO_PIC = NO;
				GCC_NO_COMMON_BLOCKS = YES;
				GCC_OPTIMIZATION_LEVEL = 0;
				GCC_PREPROCESSOR_DEFINITIONS = (
					"DEBUG=1",
					"$(inherited)",
				);
				GCC_WARN_64_TO_32_BIT_CONVERSION = YES;
				GCC_WARN_ABOUT_RETURN_TYPE = YES_ERROR;
				GCC_WARN_UNDECLARED_SELECTOR = YES;
				GCC_WARN_UNINITIALIZED_AUTOS = YES_AGGRESSIVE;
				GCC_WARN_UNUSED_FUNCTION = YES;
				GCC_WARN_UNUSED_VARIABLE = YES;
				HEADER_SEARCH_PATHS = "$(PROJECT_DIR)/dcmtk/include";
				LIBRARY_SEARCH_PATHS = (
					"$(PROJECT_DIR)/dcmtk/lib",
					/opt/homebrew/lib,
				);
				LOCALIZATION_PREFERS_STRING_CATALOGS = YES;
				MACOSX_DEPLOYMENT_TARGET = 13.5;
				MTL_ENABLE_DEBUG_INFO = INCLUDE_SOURCE;
				MTL_FAST_MATH = YES;
				ONLY_ACTIVE_ARCH = YES;
				SDKROOT = macosx;
				SWIFT_ACTIVE_COMPILATION_CONDITIONS = "DEBUG $(inherited)";
				SWIFT_OPTIMIZATION_LEVEL = "-Onone";
			};
			name = Debug;
		};
		0ECA59472ABE291B00A1C87B /* Release */ = {
			isa = XCBuildConfiguration;
			buildSettings = {
				ALWAYS_SEARCH_USER_PATHS = NO;
				ASSETCATALOG_COMPILER_GENERATE_SWIFT_ASSET_SYMBOL_EXTENSIONS = YES;
				CLANG_ANALYZER_NONNULL = YES;
				CLANG_ANALYZER_NUMBER_OBJECT_CONVERSION = YES_AGGRESSIVE;
				CLANG_CXX_LANGUAGE_STANDARD = "gnu++20";
				CLANG_ENABLE_MODULES = YES;
				CLANG_ENABLE_OBJC_ARC = YES;
				CLANG_ENABLE_OBJC_WEAK = YES;
				CLANG_WARN_BLOCK_CAPTURE_AUTORELEASING = YES;
				CLANG_WARN_BOOL_CONVERSION = YES;
				CLANG_WARN_COMMA = YES;
				CLANG_WARN_CONSTANT_CONVERSION = YES;
				CLANG_WARN_DEPRECATED_OBJC_IMPLEMENTATIONS = YES;
				CLANG_WARN_DIRECT_OBJC_ISA_USAGE = YES_ERROR;
				CLANG_WARN_DOCUMENTATION_COMMENTS = YES;
				CLANG_WARN_EMPTY_BODY = YES;
				CLANG_WARN_ENUM_CONVERSION = YES;
				CLANG_WARN_INFINITE_RECURSION = YES;
				CLANG_WARN_INT_CONVERSION = YES;
				CLANG_WARN_NON_LITERAL_NULL_CONVERSION = YES;
				CLANG_WARN_OBJC_IMPLICIT_RETAIN_SELF = YES;
				CLANG_WARN_OBJC_LITERAL_CONVERSION = YES;
				CLANG_WARN_OBJC_ROOT_CLASS = YES_ERROR;
				CLANG_WARN_QUOTED_INCLUDE_IN_FRAMEWORK_HEADER = YES;
				CLANG_WARN_RANGE_LOOP_ANALYSIS = YES;
				CLANG_WARN_STRICT_PROTOTYPES = YES;
				CLANG_WARN_SUSPICIOUS_MOVE = YES;
				CLANG_WARN_UNGUARDED_AVAILABILITY = YES_AGGRESSIVE;
				CLANG_WARN_UNREACHABLE_CODE = YES;
				CLANG_WARN__DUPLICATE_METHOD_MATCH = YES;
				COPY_PHASE_STRIP = NO;
				DEBUG_INFORMATION_FORMAT = "dwarf-with-dsym";
				ENABLE_NS_ASSERTIONS = NO;
				ENABLE_STRICT_OBJC_MSGSEND = YES;
				ENABLE_USER_SCRIPT_SANDBOXING = YES;
				GCC_C_LANGUAGE_STANDARD = gnu17;
				GCC_NO_COMMON_BLOCKS = YES;
				GCC_WARN_64_TO_32_BIT_CONVERSION = YES;
				GCC_WARN_ABOUT_RETURN_TYPE = YES_ERROR;
				GCC_WARN_UNDECLARED_SELECTOR = YES;
				GCC_WARN_UNINITIALIZED_AUTOS = YES_AGGRESSIVE;
				GCC_WARN_UNUSED_FUNCTION = YES;
				GCC_WARN_UNUSED_VARIABLE = YES;
				HEADER_SEARCH_PATHS = "$(PROJECT_DIR)/dcmtk/include";
				LIBRARY_SEARCH_PATHS = (
					"$(PROJECT_DIR)/dcmtk/lib",
					/opt/homebrew/lib,
				);
				LOCALIZATION_PREFERS_STRING_CATALOGS = YES;
				MACOSX_DEPLOYMENT_TARGET = 13.5;
				MTL_ENABLE_DEBUG_INFO = NO;
				MTL_FAST_MATH = YES;
				SDKROOT = macosx;
				SWIFT_COMPILATION_MODE = wholemodule;
			};
			name = Release;
		};
		0ECA59492ABE291B00A1C87B /* Debug */ = {
			isa = XCBuildConfiguration;
			buildSettings = {
				ASSETCATALOG_COMPILER_APPICON_NAME = AppIcon;
				ASSETCATALOG_COMPILER_GLOBAL_ACCENT_COLOR_NAME = AccentColor;
				CLANG_ENABLE_MODULES = YES;
				CODE_SIGN_ENTITLEMENTS = DCMView/DCMView.entitlements;
				CODE_SIGN_STYLE = Automatic;
				COMBINE_HIDPI_IMAGES = YES;
				CURRENT_PROJECT_VERSION = 1;
				DEVELOPMENT_TEAM = PJMW65YB82;
				ENABLE_HARDENED_RUNTIME = YES;
				GENERATE_INFOPLIST_FILE = YES;
				INFOPLIST_KEY_NSHumanReadableCopyright = "";
				INFOPLIST_KEY_NSMainNibFile = MainMenu;
				INFOPLIST_KEY_NSPrincipalClass = NSApplication;
				LD_RUNPATH_SEARCH_PATHS = (
					"$(inherited)",
					"@executable_path/../Frameworks",
				);
				LIBRARY_SEARCH_PATHS = (
					"$(inherited)",
					/opt/homebrew/Cellar/zlib/1.2.13/lib,
				);
				MARKETING_VERSION = 1.0;
				PRODUCT_BUNDLE_IDENTIFIER = com.teaeles.DCMView;
				PRODUCT_NAME = "$(TARGET_NAME)";
				SWIFT_EMIT_LOC_STRINGS = YES;
				SWIFT_OBJC_BRIDGING_HEADER = "CppInterface/DCMView-Bridging-Header.h";
				SWIFT_OPTIMIZATION_LEVEL = "-Onone";
				SWIFT_VERSION = 5.0;
			};
			name = Debug;
		};
		0ECA594A2ABE291B00A1C87B /* Release */ = {
			isa = XCBuildConfiguration;
			buildSettings = {
				ASSETCATALOG_COMPILER_APPICON_NAME = AppIcon;
				ASSETCATALOG_COMPILER_GLOBAL_ACCENT_COLOR_NAME = AccentColor;
				CLANG_ENABLE_MODULES = YES;
				CODE_SIGN_ENTITLEMENTS = DCMView/DCMView.entitlements;
				CODE_SIGN_STYLE = Automatic;
				COMBINE_HIDPI_IMAGES = YES;
				CURRENT_PROJECT_VERSION = 1;
				DEVELOPMENT_TEAM = PJMW65YB82;
				ENABLE_HARDENED_RUNTIME = YES;
				GENERATE_INFOPLIST_FILE = YES;
				INFOPLIST_KEY_NSHumanReadableCopyright = "";
				INFOPLIST_KEY_NSMainNibFile = MainMenu;
				INFOPLIST_KEY_NSPrincipalClass = NSApplication;
				LD_RUNPATH_SEARCH_PATHS = (
					"$(inherited)",
					"@executable_path/../Frameworks",
				);
				LIBRARY_SEARCH_PATHS = (
					"$(inherited)",
					/opt/homebrew/Cellar/zlib/1.2.13/lib,
				);
				MARKETING_VERSION = 1.0;
				PRODUCT_BUNDLE_IDENTIFIER = com.teaeles.DCMView;
				PRODUCT_NAME = "$(TARGET_NAME)";
				SWIFT_EMIT_LOC_STRINGS = YES;
				SWIFT_OBJC_BRIDGING_HEADER = "CppInterface/DCMView-Bridging-Header.h";
				SWIFT_VERSION = 5.0;
			};
			name = Release;
		};
		0ECA59712AC0532500A1C87B /* Debug */ = {
			isa = XCBuildConfiguration;
			buildSettings = {
				CODE_SIGN_ENTITLEMENTS = CppTest/CppTest.entitlements;
				CODE_SIGN_STYLE = Automatic;
				DEVELOPMENT_TEAM = PJMW65YB82;
				ENABLE_HARDENED_RUNTIME = YES;
				LIBRARY_SEARCH_PATHS = (
					"$(inherited)",
					/opt/homebrew/Cellar/zlib/1.2.13/lib,
				);
				PRODUCT_NAME = "$(TARGET_NAME)";
			};
			name = Debug;
		};
		0ECA59722AC0532500A1C87B /* Release */ = {
			isa = XCBuildConfiguration;
			buildSettings = {
				CODE_SIGN_ENTITLEMENTS = CppTest/CppTest.entitlements;
				CODE_SIGN_STYLE = Automatic;
				DEVELOPMENT_TEAM = PJMW65YB82;
				ENABLE_HARDENED_RUNTIME = YES;
				LIBRARY_SEARCH_PATHS = (
					"$(inherited)",
					/opt/homebrew/Cellar/zlib/1.2.13/lib,
				);
				PRODUCT_NAME = "$(TARGET_NAME)";
			};
			name = Release;
		};
/* End XCBuildConfiguration section */

/* Begin XCConfigurationList section */
		0ECA59362ABE291A00A1C87B /* Build configuration list for PBXProject "DCMView" */ = {
			isa = XCConfigurationList;
			buildConfigurations = (
				0ECA59462ABE291B00A1C87B /* Debug */,
				0ECA59472ABE291B00A1C87B /* Release */,
			);
			defaultConfigurationIsVisible = 0;
			defaultConfigurationName = Release;
		};
		0ECA59482ABE291B00A1C87B /* Build configuration list for PBXNativeTarget "DCMView" */ = {
			isa = XCConfigurationList;
			buildConfigurations = (
				0ECA59492ABE291B00A1C87B /* Debug */,
				0ECA594A2ABE291B00A1C87B /* Release */,
			);
			defaultConfigurationIsVisible = 0;
			defaultConfigurationName = Release;
		};
		0ECA59732AC0532500A1C87B /* Build configuration list for PBXNativeTarget "CppTest" */ = {
			isa = XCConfigurationList;
			buildConfigurations = (
				0ECA59712AC0532500A1C87B /* Debug */,
				0ECA59722AC0532500A1C87B /* Release */,
			);
			defaultConfigurationIsVisible = 0;
			defaultConfigurationName = Release;
		};
/* End XCConfigurationList section */
	};
	rootObject = 0ECA59332ABE291A00A1C87B /* Project object */;
}
